// !$*UTF8*$!
{
	archiveVersion = 1;
	classes = {
	};
	objectVersion = 50;
	objects = {

/* Begin PBXBuildFile section */
		3E2BBE1823FC608B00A24C37 /* ListTableViewCell.swift in Sources */ = {isa = PBXBuildFile; fileRef = 3E2BBE1723FC608B00A24C37 /* ListTableViewCell.swift */; };
		3E54F1CE23E65C7B00556400 /* ToDoDetailTableViewController.swift in Sources */ = {isa = PBXBuildFile; fileRef = 3E54F1CD23E65C7B00556400 /* ToDoDetailTableViewController.swift */; };
		3E87184623E3932C0014C34A /* AppDelegate.swift in Sources */ = {isa = PBXBuildFile; fileRef = 3E87184523E3932C0014C34A /* AppDelegate.swift */; };
		3E87184823E3932C0014C34A /* SceneDelegate.swift in Sources */ = {isa = PBXBuildFile; fileRef = 3E87184723E3932C0014C34A /* SceneDelegate.swift */; };
		3E87184A23E3932C0014C34A /* ToDoListViewController.swift in Sources */ = {isa = PBXBuildFile; fileRef = 3E87184923E3932C0014C34A /* ToDoListViewController.swift */; };
		3E87184D23E3932C0014C34A /* Main.storyboard in Resources */ = {isa = PBXBuildFile; fileRef = 3E87184B23E3932C0014C34A /* Main.storyboard */; };
		3E87184F23E3932D0014C34A /* Assets.xcassets in Resources */ = {isa = PBXBuildFile; fileRef = 3E87184E23E3932D0014C34A /* Assets.xcassets */; };
		3E87185223E3932D0014C34A /* LaunchScreen.storyboard in Resources */ = {isa = PBXBuildFile; fileRef = 3E87185023E3932D0014C34A /* LaunchScreen.storyboard */; };
		3ED7A73723EB78CA00CB570A /* ToDoItem.swift in Sources */ = {isa = PBXBuildFile; fileRef = 3ED7A73623EB78CA00CB570A /* ToDoItem.swift */; };
/* End PBXBuildFile section */

/* Begin PBXFileReference section */
		3E2BBE1723FC608B00A24C37 /* ListTableViewCell.swift */ = {isa = PBXFileReference; lastKnownFileType = sourcecode.swift; path = ListTableViewCell.swift; sourceTree = "<group>"; };
		3E54F1CD23E65C7B00556400 /* ToDoDetailTableViewController.swift */ = {isa = PBXFileReference; lastKnownFileType = sourcecode.swift; path = ToDoDetailTableViewController.swift; sourceTree = "<group>"; };
		3E87184223E3932C0014C34A /* ToDo List.app */ = {isa = PBXFileReference; explicitFileType = wrapper.application; includeInIndex = 0; path = "ToDo List.app"; sourceTree = BUILT_PRODUCTS_DIR; };
		3E87184523E3932C0014C34A /* AppDelegate.swift */ = {isa = PBXFileReference; lastKnownFileType = sourcecode.swift; path = AppDelegate.swift; sourceTree = "<group>"; };
		3E87184723E3932C0014C34A /* SceneDelegate.swift */ = {isa = PBXFileReference; lastKnownFileType = sourcecode.swift; path = SceneDelegate.swift; sourceTree = "<group>"; };
		3E87184923E3932C0014C34A /* ToDoListViewController.swift */ = {isa = PBXFileReference; lastKnownFileType = sourcecode.swift; path = ToDoListViewController.swift; sourceTree = "<group>"; };
		3E87184C23E3932C0014C34A /* Base */ = {isa = PBXFileReference; lastKnownFileType = file.storyboard; name = Base; path = Base.lproj/Main.storyboard; sourceTree = "<group>"; };
		3E87184E23E3932D0014C34A /* Assets.xcassets */ = {isa = PBXFileReference; lastKnownFileType = folder.assetcatalog; path = Assets.xcassets; sourceTree = "<group>"; };
		3E87185123E3932D0014C34A /* Base */ = {isa = PBXFileReference; lastKnownFileType = file.storyboard; name = Base; path = Base.lproj/LaunchScreen.storyboard; sourceTree = "<group>"; };
		3E87185323E3932D0014C34A /* Info.plist */ = {isa = PBXFileReference; lastKnownFileType = text.plist.xml; path = Info.plist; sourceTree = "<group>"; };
		3ED7A73623EB78CA00CB570A /* ToDoItem.swift */ = {isa = PBXFileReference; lastKnownFileType = sourcecode.swift; path = ToDoItem.swift; sourceTree = "<group>"; };
/* End PBXFileReference section */

/* Begin PBXFrameworksBuildPhase section */
		3E87183F23E3932C0014C34A /* Frameworks */ = {
			isa = PBXFrameworksBuildPhase;
			buildActionMask = 2147483647;
			files = (
			);
			runOnlyForDeploymentPostprocessing = 0;
		};
/* End PBXFrameworksBuildPhase section */

/* Begin PBXGroup section */
		3E87183923E3932C0014C34A = {
			isa = PBXGroup;
			children = (
				3E87184423E3932C0014C34A /* ToDo List */,
				3E87184323E3932C0014C34A /* Products */,
			);
			sourceTree = "<group>";
		};
		3E87184323E3932C0014C34A /* Products */ = {
			isa = PBXGroup;
			children = (
				3E87184223E3932C0014C34A /* ToDo List.app */,
			);
			name = Products;
			sourceTree = "<group>";
		};
		3E87184423E3932C0014C34A /* ToDo List */ = {
			isa = PBXGroup;
			children = (
				3E87184523E3932C0014C34A /* AppDelegate.swift */,
				3E87184723E3932C0014C34A /* SceneDelegate.swift */,
				3ED7A73623EB78CA00CB570A /* ToDoItem.swift */,
				3E87184923E3932C0014C34A /* ToDoListViewController.swift */,
				3E54F1CD23E65C7B00556400 /* ToDoDetailTableViewController.swift */,
				3E2BBE1723FC608B00A24C37 /* ListTableViewCell.swift */,
				3E87184B23E3932C0014C34A /* Main.storyboard */,
				3E87184E23E3932D0014C34A /* Assets.xcassets */,
				3E87185023E3932D0014C34A /* LaunchScreen.storyboard */,
				3E87185323E3932D0014C34A /* Info.plist */,
			);
			path = "ToDo List";
			sourceTree = "<group>";
		};
/* End PBXGroup section */

/* Begin PBXNativeTarget section */
		3E87184123E3932C0014C34A /* ToDo List */ = {
			isa = PBXNativeTarget;
			buildConfigurationList = 3E87185623E3932D0014C34A /* Build configuration list for PBXNativeTarget "ToDo List" */;
			buildPhases = (
				3E87183E23E3932C0014C34A /* Sources */,
				3E87183F23E3932C0014C34A /* Frameworks */,
				3E87184023E3932C0014C34A /* Resources */,
			);
			buildRules = (
			);
			dependencies = (
			);
			name = "ToDo List";
			productName = "ToDo List";
			productReference = 3E87184223E3932C0014C34A /* ToDo List.app */;
			productType = "com.apple.product-type.application";
		};
/* End PBXNativeTarget section */

/* Begin PBXProject section */
		3E87183A23E3932C0014C34A /* Project object */ = {
			isa = PBXProject;
			attributes = {
				LastSwiftUpdateCheck = 1130;
				LastUpgradeCheck = 1130;
				ORGANIZATIONNAME = "John Gallaugher";
				TargetAttributes = {
					3E87184123E3932C0014C34A = {
						CreatedOnToolsVersion = 11.3.1;
					};
				};
			};
			buildConfigurationList = 3E87183D23E3932C0014C34A /* Build configuration list for PBXProject "ToDo List" */;
			compatibilityVersion = "Xcode 9.3";
			developmentRegion = en;
			hasScannedForEncodings = 0;
			knownRegions = (
				en,
				Base,
			);
			mainGroup = 3E87183923E3932C0014C34A;
			productRefGroup = 3E87184323E3932C0014C34A /* Products */;
			projectDirPath = "";
			projectRoot = "";
			targets = (
				3E87184123E3932C0014C34A /* ToDo List */,
			);
		};
/* End PBXProject section */

/* Begin PBXResourcesBuildPhase section */
		3E87184023E3932C0014C34A /* Resources */ = {
			isa = PBXResourcesBuildPhase;
			buildActionMask = 2147483647;
			files = (
				3E87185223E3932D0014C34A /* LaunchScreen.storyboard in Resources */,
				3E87184F23E3932D0014C34A /* Assets.xcassets in Resources */,
				3E87184D23E3932C0014C34A /* Main.storyboard in Resources */,
			);
			runOnlyForDeploymentPostprocessing = 0;
		};
/* End PBXResourcesBuildPhase section */

/* Begin PBXSourcesBuildPhase section */
		3E87183E23E3932C0014C34A /* Sources */ = {
			isa = PBXSourcesBuildPhase;
			buildActionMask = 2147483647;
			files = (
				3E87184A23E3932C0014C34A /* ToDoListViewController.swift in Sources */,
				3E87184623E3932C0014C34A /* AppDelegate.swift in Sources */,
				3ED7A73723EB78CA00CB570A /* ToDoItem.swift in Sources */,
				3E54F1CE23E65C7B00556400 /* ToDoDetailTableViewController.swift in Sources */,
				3E87184823E3932C0014C34A /* SceneDelegate.swift in Sources */,
				3E2BBE1823FC608B00A24C37 /* ListTableViewCell.swift in Sources */,
			);
			runOnlyForDeploymentPostprocessing = 0;
		};
/* End PBXSourcesBuildPhase section */

/* Begin PBXVariantGroup section */
		3E87184B23E3932C0014C34A /* Main.storyboard */ = {
			isa = PBXVariantGroup;
			children = (
				3E87184C23E3932C0014C34A /* Base */,
			);
			name = Main.storyboard;
			sourceTree = "<group>";
		};
		3E87185023E3932D0014C34A /* LaunchScreen.storyboard */ = {
			isa = PBXVariantGroup;
			children = (
				3E87185123E3932D0014C34A /* Base */,
			);
			name = LaunchScreen.storyboard;
			sourceTree = "<group>";
		};
/* End PBXVariantGroup section */

/* Begin XCBuildConfiguration section */
		3E87185423E3932D0014C34A /* Debug */ = {
			isa = XCBuildConfiguration;
			buildSettings = {
				ALWAYS_SEARCH_USER_PATHS = NO;
				CLANG_ANALYZER_NONNULL = YES;
				CLANG_ANALYZER_NUMBER_OBJECT_CONVERSION = YES_AGGRESSIVE;
				CLANG_CXX_LANGUAGE_STANDARD = "gnu++14";
				CLANG_CXX_LIBRARY = "libc++";
				CLANG_ENABLE_MODULES = YES;
				CLANG_ENABLE_OBJC_ARC = YES;
				CLANG_ENABLE_OBJC_WEAK = YES;
				CLANG_WARN_BLOCK_CAPTURE_AUTORELEASING = YES;
				CLANG_WARN_BOOL_CONVERSION = YES;
				CLANG_WARN_COMMA = YES;
				CLANG_WARN_CONSTANT_CONVERSION = YES;
				CLANG_WARN_DEPRECATED_OBJC_IMPLEMENTATIONS = YES;
				CLANG_WARN_DIRECT_OBJC_ISA_USAGE = YES_ERROR;
				CLANG_WARN_DOCUMENTATION_COMMENTS = YES;
				CLANG_WARN_EMPTY_BODY = YES;
				CLANG_WARN_ENUM_CONVERSION = YES;
				CLANG_WARN_INFINITE_RECURSION = YES;
				CLANG_WARN_INT_CONVERSION = YES;
				CLANG_WARN_NON_LITERAL_NULL_CONVERSION = YES;
				CLANG_WARN_OBJC_IMPLICIT_RETAIN_SELF = YES;
				CLANG_WARN_OBJC_LITERAL_CONVERSION = YES;
				CLANG_WARN_OBJC_ROOT_CLASS = YES_ERROR;
				CLANG_WARN_RANGE_LOOP_ANALYSIS = YES;
				CLANG_WARN_STRICT_PROTOTYPES = YES;
				CLANG_WARN_SUSPICIOUS_MOVE = YES;
				CLANG_WARN_UNGUARDED_AVAILABILITY = YES_AGGRESSIVE;
				CLANG_WARN_UNREACHABLE_CODE = YES;
				CLANG_WARN__DUPLICATE_METHOD_MATCH = YES;
				COPY_PHASE_STRIP = NO;
				DEBUG_INFORMATION_FORMAT = dwarf;
				ENABLE_STRICT_OBJC_MSGSEND = YES;
				ENABLE_TESTABILITY = YES;
				GCC_C_LANGUAGE_STANDARD = gnu11;
				GCC_DYNAMIC_NO_PIC = NO;
				GCC_NO_COMMON_BLOCKS = YES;
				GCC_OPTIMIZATION_LEVEL = 0;
				GCC_PREPROCESSOR_DEFINITIONS = (
					"DEBUG=1",
					"$(inherited)",
				);
				GCC_WARN_64_TO_32_BIT_CONVERSION = YES;
				GCC_WARN_ABOUT_RETURN_TYPE = YES_ERROR;
				GCC_WARN_UNDECLARED_SELECTOR = YES;
				GCC_WARN_UNINITIALIZED_AUTOS = YES_AGGRESSIVE;
				GCC_WARN_UNUSED_FUNCTION = YES;
				GCC_WARN_UNUSED_VARIABLE = YES;
				IPHONEOS_DEPLOYMENT_TARGET = 13.2;
				MTL_ENABLE_DEBUG_INFO = INCLUDE_SOURCE;
				MTL_FAST_MATH = YES;
				ONLY_ACTIVE_ARCH = YES;
				SDKROOT = iphoneos;
				SWIFT_ACTIVE_COMPILATION_CONDITIONS = DEBUG;
				SWIFT_OPTIMIZATION_LEVEL = "-Onone";
			};
			name = Debug;
		};
		3E87185523E3932D0014C34A /* Release */ = {
			isa = XCBuildConfiguration;
			buildSettings = {
				ALWAYS_SEARCH_USER_PATHS = NO;
				CLANG_ANALYZER_NONNULL = YES;
				CLANG_ANALYZER_NUMBER_OBJECT_CONVERSION = YES_AGGRESSIVE;
				CLANG_CXX_LANGUAGE_STANDARD = "gnu++14";
				CLANG_CXX_LIBRARY = "libc++";
				CLANG_ENABLE_MODULES = YES;
				CLANG_ENABLE_OBJC_ARC = YES;
				CLANG_ENABLE_OBJC_WEAK = YES;
				CLANG_WARN_BLOCK_CAPTURE_AUTORELEASING = YES;
				CLANG_WARN_BOOL_CONVERSION = YES;
				CLANG_WARN_COMMA = YES;
				CLANG_WARN_CONSTANT_CONVERSION = YES;
				CLANG_WARN_DEPRECATED_OBJC_IMPLEMENTATIONS = YES;
				CLANG_WARN_DIRECT_OBJC_ISA_USAGE = YES_ERROR;
				CLANG_WARN_DOCUMENTATION_COMMENTS = YES;
				CLANG_WARN_EMPTY_BODY = YES;
				CLANG_WARN_ENUM_CONVERSION = YES;
				CLANG_WARN_INFINITE_RECURSION = YES;
				CLANG_WARN_INT_CONVERSION = YES;
				CLANG_WARN_NON_LITERAL_NULL_CONVERSION = YES;
				CLANG_WARN_OBJC_IMPLICIT_RETAIN_SELF = YES;
				CLANG_WARN_OBJC_LITERAL_CONVERSION = YES;
				CLANG_WARN_OBJC_ROOT_CLASS = YES_ERROR;
				CLANG_WARN_RANGE_LOOP_ANALYSIS = YES;
				CLANG_WARN_STRICT_PROTOTYPES = YES;
				CLANG_WARN_SUSPICIOUS_MOVE = YES;
				CLANG_WARN_UNGUARDED_AVAILABILITY = YES_AGGRESSIVE;
				CLANG_WARN_UNREACHABLE_CODE = YES;
				CLANG_WARN__DUPLICATE_METHOD_MATCH = YES;
				COPY_PHASE_STRIP = NO;
				DEBUG_INFORMATION_FORMAT = "dwarf-with-dsym";
				ENABLE_NS_ASSERTIONS = NO;
				ENABLE_STRICT_OBJC_MSGSEND = YES;
				GCC_C_LANGUAGE_STANDARD = gnu11;
				GCC_NO_COMMON_BLOCKS = YES;
				GCC_WARN_64_TO_32_BIT_CONVERSION = YES;
				GCC_WARN_ABOUT_RETURN_TYPE = YES_ERROR;
				GCC_WARN_UNDECLARED_SELECTOR = YES;
				GCC_WARN_UNINITIALIZED_AUTOS = YES_AGGRESSIVE;
				GCC_WARN_UNUSED_FUNCTION = YES;
				GCC_WARN_UNUSED_VARIABLE = YES;
				IPHONEOS_DEPLOYMENT_TARGET = 13.2;
				MTL_ENABLE_DEBUG_INFO = NO;
				MTL_FAST_MATH = YES;
				SDKROOT = iphoneos;
				SWIFT_COMPILATION_MODE = wholemodule;
				SWIFT_OPTIMIZATION_LEVEL = "-O";
				VALIDATE_PRODUCT = YES;
			};
			name = Release;
		};
		3E87185723E3932D0014C34A /* Debug */ = {
			isa = XCBuildConfiguration;
			buildSettings = {
				ASSETCATALOG_COMPILER_APPICON_NAME = AppIcon;
				CODE_SIGN_STYLE = Automatic;
				DEVELOPMENT_TEAM = 9937BJYLPH;
				INFOPLIST_FILE = "ToDo List/Info.plist";
				LD_RUNPATH_SEARCH_PATHS = (
					"$(inherited)",
					"@executable_path/Frameworks",
				);
				PRODUCT_BUNDLE_IDENTIFIER = "com.gallaugher.ToDo-List";
				PRODUCT_NAME = "$(TARGET_NAME)";
				SWIFT_VERSION = 5.0;
				TARGETED_DEVICE_FAMILY = "1,2";
			};
			name = Debug;
		};
		3E87185823E3932D0014C34A /* Release */ = {
			isa = XCBuildConfiguration;
			buildSettings = {
				ASSETCATALOG_COMPILER_APPICON_NAME = AppIcon;
				CODE_SIGN_STYLE = Automatic;
				DEVELOPMENT_TEAM = 9937BJYLPH;
				INFOPLIST_FILE = "ToDo List/Info.plist";
				LD_RUNPATH_SEARCH_PATHS = (
					"$(inherited)",
					"@executable_path/Frameworks",
				);
				PRODUCT_BUNDLE_IDENTIFIER = "com.gallaugher.ToDo-List";
				PRODUCT_NAME = "$(TARGET_NAME)";
				SWIFT_VERSION = 5.0;
				TARGETED_DEVICE_FAMILY = "1,2";
			};
			name = Release;
		};
/* End XCBuildConfiguration section */

/* Begin XCConfigurationList section */
		3E87183D23E3932C0014C34A /* Build configuration list for PBXProject "ToDo List" */ = {
			isa = XCConfigurationList;
			buildConfigurations = (
				3E87185423E3932D0014C34A /* Debug */,
				3E87185523E3932D0014C34A /* Release */,
			);
			defaultConfigurationIsVisible = 0;
			defaultConfigurationName = Release;
		};
		3E87185623E3932D0014C34A /* Build configuration list for PBXNativeTarget "ToDo List" */ = {
			isa = XCConfigurationList;
			buildConfigurations = (
				3E87185723E3932D0014C34A /* Debug */,
				3E87185823E3932D0014C34A /* Release */,
			);
			defaultConfigurationIsVisible = 0;
			defaultConfigurationName = Release;
		};
/* End XCConfigurationList section */
	};
	rootObject = 3E87183A23E3932C0014C34A /* Project object */;
}
